// !$*UTF8*$!
{
	archiveVersion = 1;
	classes = {
	};
	objectVersion = 55;
	objects = {

/* Begin PBXBuildFile section */
		22102DB627E3BE4F009455E6 /* AppDelegate.swift in Sources */ = {isa = PBXBuildFile; fileRef = 22102DB527E3BE4F009455E6 /* AppDelegate.swift */; };
		22102DBF27E3BE50009455E6 /* Assets.xcassets in Resources */ = {isa = PBXBuildFile; fileRef = 22102DBE27E3BE50009455E6 /* Assets.xcassets */; };
		22102DC227E3BE50009455E6 /* LaunchScreen.storyboard in Resources */ = {isa = PBXBuildFile; fileRef = 22102DC027E3BE50009455E6 /* LaunchScreen.storyboard */; };
		22102DCC27E3BF7D009455E6 /* MainViewController.xib in Resources */ = {isa = PBXBuildFile; fileRef = 22102DCB27E3BF7D009455E6 /* MainViewController.xib */; };
		22102DCE27E3BFD6009455E6 /* MainViewController.swift in Sources */ = {isa = PBXBuildFile; fileRef = 22102DCD27E3BFD6009455E6 /* MainViewController.swift */; };
		2263425727E9ED2D00DE11D5 /* Post.swift in Sources */ = {isa = PBXBuildFile; fileRef = 2263425627E9ED2D00DE11D5 /* Post.swift */; };
		2263425927E9EDB300DE11D5 /* PostPresenter.swift in Sources */ = {isa = PBXBuildFile; fileRef = 2263425827E9EDB300DE11D5 /* PostPresenter.swift */; };
		22D13D2A27EDDCA6002B3B8C /* Localizable.stringsdict in Resources */ = {isa = PBXBuildFile; fileRef = 22D13D2927EDDCA6002B3B8C /* Localizable.stringsdict */; };
		22D3D83C27E700D400E3BF73 /* Extensions.swift in Sources */ = {isa = PBXBuildFile; fileRef = 22D3D83B27E700D400E3BF73 /* Extensions.swift */; };
		22D3D84227E75F9E00E3BF73 /* Constants.swift in Sources */ = {isa = PBXBuildFile; fileRef = 22D3D84127E75F9E00E3BF73 /* Constants.swift */; };
		22DE673A27E4C67100B3E445 /* CustomTableViewCell.swift in Sources */ = {isa = PBXBuildFile; fileRef = 22DE673927E4C67100B3E445 /* CustomTableViewCell.swift */; };
/* End PBXBuildFile section */

/* Begin PBXFileReference section */
		22102DB227E3BE4F009455E6 /* homeWork.app */ = {isa = PBXFileReference; explicitFileType = wrapper.application; includeInIndex = 0; path = homeWork.app; sourceTree = BUILT_PRODUCTS_DIR; };
		22102DB527E3BE4F009455E6 /* AppDelegate.swift */ = {isa = PBXFileReference; lastKnownFileType = sourcecode.swift; path = AppDelegate.swift; sourceTree = "<group>"; };
		22102DBE27E3BE50009455E6 /* Assets.xcassets */ = {isa = PBXFileReference; lastKnownFileType = folder.assetcatalog; path = Assets.xcassets; sourceTree = "<group>"; };
		22102DC127E3BE50009455E6 /* Base */ = {isa = PBXFileReference; lastKnownFileType = file.storyboard; name = Base; path = Base.lproj/LaunchScreen.storyboard; sourceTree = "<group>"; };
		22102DC327E3BE50009455E6 /* Info.plist */ = {isa = PBXFileReference; lastKnownFileType = text.plist.xml; path = Info.plist; sourceTree = "<group>"; };
		22102DCB27E3BF7D009455E6 /* MainViewController.xib */ = {isa = PBXFileReference; lastKnownFileType = file.xib; path = MainViewController.xib; sourceTree = "<group>"; };
		22102DCD27E3BFD6009455E6 /* MainViewController.swift */ = {isa = PBXFileReference; lastKnownFileType = sourcecode.swift; path = MainViewController.swift; sourceTree = "<group>"; };
		2263425627E9ED2D00DE11D5 /* Post.swift */ = {isa = PBXFileReference; lastKnownFileType = sourcecode.swift; path = Post.swift; sourceTree = "<group>"; };
		2263425827E9EDB300DE11D5 /* PostPresenter.swift */ = {isa = PBXFileReference; lastKnownFileType = sourcecode.swift; path = PostPresenter.swift; sourceTree = "<group>"; };
		22D13D2927EDDCA6002B3B8C /* Localizable.stringsdict */ = {isa = PBXFileReference; lastKnownFileType = text.plist.stringsdict; path = Localizable.stringsdict; sourceTree = "<group>"; };
		22D3D83B27E700D400E3BF73 /* Extensions.swift */ = {isa = PBXFileReference; lastKnownFileType = sourcecode.swift; path = Extensions.swift; sourceTree = "<group>"; };
		22D3D84127E75F9E00E3BF73 /* Constants.swift */ = {isa = PBXFileReference; lastKnownFileType = sourcecode.swift; path = Constants.swift; sourceTree = "<group>"; };
		22DE673927E4C67100B3E445 /* CustomTableViewCell.swift */ = {isa = PBXFileReference; lastKnownFileType = sourcecode.swift; path = CustomTableViewCell.swift; sourceTree = "<group>"; };
/* End PBXFileReference section */

/* Begin PBXFrameworksBuildPhase section */
		22102DAF27E3BE4F009455E6 /* Frameworks */ = {
			isa = PBXFrameworksBuildPhase;
			buildActionMask = 2147483647;
			files = (
			);
			runOnlyForDeploymentPostprocessing = 0;
		};
/* End PBXFrameworksBuildPhase section */

/* Begin PBXGroup section */
		22102DA927E3BE4F009455E6 = {
			isa = PBXGroup;
			children = (
				22102DB427E3BE4F009455E6 /* homeWork */,
				22102DB327E3BE4F009455E6 /* Products */,
			);
			sourceTree = "<group>";
		};
		22102DB327E3BE4F009455E6 /* Products */ = {
			isa = PBXGroup;
			children = (
				22102DB227E3BE4F009455E6 /* homeWork.app */,
			);
			name = Products;
			sourceTree = "<group>";
		};
		22102DB427E3BE4F009455E6 /* homeWork */ = {
			isa = PBXGroup;
			children = (
				2263425327E9ECD900DE11D5 /* MVP */,
				22D3D83A27E700A800E3BF73 /* Extensions */,
				22102DCA27E3BEE4009455E6 /* MainViewController */,
				22102DB527E3BE4F009455E6 /* AppDelegate.swift */,
				22102DBE27E3BE50009455E6 /* Assets.xcassets */,
				22102DC027E3BE50009455E6 /* LaunchScreen.storyboard */,
				22102DC327E3BE50009455E6 /* Info.plist */,
				22D13D2927EDDCA6002B3B8C /* Localizable.stringsdict */,
			);
			path = homeWork;
			sourceTree = "<group>";
		};
		22102DCA27E3BEE4009455E6 /* MainViewController */ = {
			isa = PBXGroup;
			children = (
				22102DCB27E3BF7D009455E6 /* MainViewController.xib */,
				22102DCD27E3BFD6009455E6 /* MainViewController.swift */,
				22DE673927E4C67100B3E445 /* CustomTableViewCell.swift */,
			);
			name = MainViewController;
			sourceTree = "<group>";
		};
		2263425327E9ECD900DE11D5 /* MVP */ = {
			isa = PBXGroup;
			children = (
				2263425527E9ECEE00DE11D5 /* Presenter */,
				2263425427E9ECE700DE11D5 /* Model */,
			);
			path = MVP;
			sourceTree = "<group>";
		};
		2263425427E9ECE700DE11D5 /* Model */ = {
			isa = PBXGroup;
			children = (
				2263425627E9ED2D00DE11D5 /* Post.swift */,
				22D3D84127E75F9E00E3BF73 /* Constants.swift */,
			);
			path = Model;
			sourceTree = "<group>";
		};
		2263425527E9ECEE00DE11D5 /* Presenter */ = {
			isa = PBXGroup;
			children = (
				2263425827E9EDB300DE11D5 /* PostPresenter.swift */,
			);
			path = Presenter;
			sourceTree = "<group>";
		};
		22D3D83A27E700A800E3BF73 /* Extensions */ = {
			isa = PBXGroup;
			children = (
				22D3D83B27E700D400E3BF73 /* Extensions.swift */,
			);
			path = Extensions;
			sourceTree = "<group>";
		};
/* End PBXGroup section */

/* Begin PBXNativeTarget section */
		22102DB127E3BE4F009455E6 /* homeWork */ = {
			isa = PBXNativeTarget;
			buildConfigurationList = 22102DC627E3BE50009455E6 /* Build configuration list for PBXNativeTarget "homeWork" */;
			buildPhases = (
				22102DAE27E3BE4F009455E6 /* Sources */,
				22102DAF27E3BE4F009455E6 /* Frameworks */,
				22102DB027E3BE4F009455E6 /* Resources */,
			);
			buildRules = (
			);
			dependencies = (
			);
			name = homeWork;
			productName = homeWork;
			productReference = 22102DB227E3BE4F009455E6 /* homeWork.app */;
			productType = "com.apple.product-type.application";
		};
/* End PBXNativeTarget section */

/* Begin PBXProject section */
		22102DAA27E3BE4F009455E6 /* Project object */ = {
			isa = PBXProject;
			attributes = {
				BuildIndependentTargetsInParallel = 1;
				LastSwiftUpdateCheck = 1330;
				LastUpgradeCheck = 1330;
				TargetAttributes = {
					22102DB127E3BE4F009455E6 = {
						CreatedOnToolsVersion = 13.3;
					};
				};
			};
			buildConfigurationList = 22102DAD27E3BE4F009455E6 /* Build configuration list for PBXProject "homeWork" */;
			compatibilityVersion = "Xcode 13.0";
			developmentRegion = en;
			hasScannedForEncodings = 0;
			knownRegions = (
				en,
				Base,
			);
			mainGroup = 22102DA927E3BE4F009455E6;
			productRefGroup = 22102DB327E3BE4F009455E6 /* Products */;
			projectDirPath = "";
			projectRoot = "";
			targets = (
				22102DB127E3BE4F009455E6 /* homeWork */,
			);
		};
/* End PBXProject section */

/* Begin PBXResourcesBuildPhase section */
		22102DB027E3BE4F009455E6 /* Resources */ = {
			isa = PBXResourcesBuildPhase;
			buildActionMask = 2147483647;
			files = (
				22102DC227E3BE50009455E6 /* LaunchScreen.storyboard in Resources */,
				22D13D2A27EDDCA6002B3B8C /* Localizable.stringsdict in Resources */,
				22102DBF27E3BE50009455E6 /* Assets.xcassets in Resources */,
				22102DCC27E3BF7D009455E6 /* MainViewController.xib in Resources */,
			);
			runOnlyForDeploymentPostprocessing = 0;
		};
/* End PBXResourcesBuildPhase section */

/* Begin PBXSourcesBuildPhase section */
		22102DAE27E3BE4F009455E6 /* Sources */ = {
			isa = PBXSourcesBuildPhase;
			buildActionMask = 2147483647;
			files = (
				22102DB627E3BE4F009455E6 /* AppDelegate.swift in Sources */,
				22102DCE27E3BFD6009455E6 /* MainViewController.swift in Sources */,
				22D3D83C27E700D400E3BF73 /* Extensions.swift in Sources */,
				2263425927E9EDB300DE11D5 /* PostPresenter.swift in Sources */,
				22DE673A27E4C67100B3E445 /* CustomTableViewCell.swift in Sources */,
				2263425727E9ED2D00DE11D5 /* Post.swift in Sources */,
				22D3D84227E75F9E00E3BF73 /* Constants.swift in Sources */,
			);
			runOnlyForDeploymentPostprocessing = 0;
		};
/* End PBXSourcesBuildPhase section */

/* Begin PBXVariantGroup section */
		22102DC027E3BE50009455E6 /* LaunchScreen.storyboard */ = {
			isa = PBXVariantGroup;
			children = (
				22102DC127E3BE50009455E6 /* Base */,
			);
			name = LaunchScreen.storyboard;
			sourceTree = "<group>";
		};
/* End PBXVariantGroup section */

/* Begin XCBuildConfiguration section */
		22102DC427E3BE50009455E6 /* Debug */ = {
			isa = XCBuildConfiguration;
			buildSettings = {
				ALWAYS_SEARCH_USER_PATHS = NO;
				CLANG_ANALYZER_NONNULL = YES;
				CLANG_ANALYZER_NUMBER_OBJECT_CONVERSION = YES_AGGRESSIVE;
				CLANG_CXX_LANGUAGE_STANDARD = "gnu++17";
				CLANG_ENABLE_MODULES = YES;
				CLANG_ENABLE_OBJC_ARC = YES;
				CLANG_ENABLE_OBJC_WEAK = YES;
				CLANG_WARN_BLOCK_CAPTURE_AUTORELEASING = YES;
				CLANG_WARN_BOOL_CONVERSION = YES;
				CLANG_WARN_COMMA = YES;
				CLANG_WARN_CONSTANT_CONVERSION = YES;
				CLANG_WARN_DEPRECATED_OBJC_IMPLEMENTATIONS = YES;
				CLANG_WARN_DIRECT_OBJC_ISA_USAGE = YES_ERROR;
				CLANG_WARN_DOCUMENTATION_COMMENTS = YES;
				CLANG_WARN_EMPTY_BODY = YES;
				CLANG_WARN_ENUM_CONVERSION = YES;
				CLANG_WARN_INFINITE_RECURSION = YES;
				CLANG_WARN_INT_CONVERSION = YES;
				CLANG_WARN_NON_LITERAL_NULL_CONVERSION = YES;
				CLANG_WARN_OBJC_IMPLICIT_RETAIN_SELF = YES;
				CLANG_WARN_OBJC_LITERAL_CONVERSION = YES;
				CLANG_WARN_OBJC_ROOT_CLASS = YES_ERROR;
				CLANG_WARN_QUOTED_INCLUDE_IN_FRAMEWORK_HEADER = YES;
				CLANG_WARN_RANGE_LOOP_ANALYSIS = YES;
				CLANG_WARN_STRICT_PROTOTYPES = YES;
				CLANG_WARN_SUSPICIOUS_MOVE = YES;
				CLANG_WARN_UNGUARDED_AVAILABILITY = YES_AGGRESSIVE;
				CLANG_WARN_UNREACHABLE_CODE = YES;
				CLANG_WARN__DUPLICATE_METHOD_MATCH = YES;
				COPY_PHASE_STRIP = NO;
				DEBUG_INFORMATION_FORMAT = dwarf;
				ENABLE_STRICT_OBJC_MSGSEND = YES;
				ENABLE_TESTABILITY = YES;
				GCC_C_LANGUAGE_STANDARD = gnu11;
				GCC_DYNAMIC_NO_PIC = NO;
				GCC_NO_COMMON_BLOCKS = YES;
				GCC_OPTIMIZATION_LEVEL = 0;
				GCC_PREPROCESSOR_DEFINITIONS = (
					"DEBUG=1",
					"$(inherited)",
				);
				GCC_WARN_64_TO_32_BIT_CONVERSION = YES;
				GCC_WARN_ABOUT_RETURN_TYPE = YES_ERROR;
				GCC_WARN_UNDECLARED_SELECTOR = YES;
				GCC_WARN_UNINITIALIZED_AUTOS = YES_AGGRESSIVE;
				GCC_WARN_UNUSED_FUNCTION = YES;
				GCC_WARN_UNUSED_VARIABLE = YES;
				IPHONEOS_DEPLOYMENT_TARGET = 15.4;
				MTL_ENABLE_DEBUG_INFO = INCLUDE_SOURCE;
				MTL_FAST_MATH = YES;
				ONLY_ACTIVE_ARCH = YES;
				SDKROOT = iphoneos;
				SWIFT_ACTIVE_COMPILATION_CONDITIONS = DEBUG;
				SWIFT_OPTIMIZATION_LEVEL = "-Onone";
			};
			name = Debug;
		};
		22102DC527E3BE50009455E6 /* Release */ = {
			isa = XCBuildConfiguration;
			buildSettings = {
				ALWAYS_SEARCH_USER_PATHS = NO;
				CLANG_ANALYZER_NONNULL = YES;
				CLANG_ANALYZER_NUMBER_OBJECT_CONVERSION = YES_AGGRESSIVE;
				CLANG_CXX_LANGUAGE_STANDARD = "gnu++17";
				CLANG_ENABLE_MODULES = YES;
				CLANG_ENABLE_OBJC_ARC = YES;
				CLANG_ENABLE_OBJC_WEAK = YES;
				CLANG_WARN_BLOCK_CAPTURE_AUTORELEASING = YES;
				CLANG_WARN_BOOL_CONVERSION = YES;
				CLANG_WARN_COMMA = YES;
				CLANG_WARN_CONSTANT_CONVERSION = YES;
				CLANG_WARN_DEPRECATED_OBJC_IMPLEMENTATIONS = YES;
				CLANG_WARN_DIRECT_OBJC_ISA_USAGE = YES_ERROR;
				CLANG_WARN_DOCUMENTATION_COMMENTS = YES;
				CLANG_WARN_EMPTY_BODY = YES;
				CLANG_WARN_ENUM_CONVERSION = YES;
				CLANG_WARN_INFINITE_RECURSION = YES;
				CLANG_WARN_INT_CONVERSION = YES;
				CLANG_WARN_NON_LITERAL_NULL_CONVERSION = YES;
				CLANG_WARN_OBJC_IMPLICIT_RETAIN_SELF = YES;
				CLANG_WARN_OBJC_LITERAL_CONVERSION = YES;
				CLANG_WARN_OBJC_ROOT_CLASS = YES_ERROR;
				CLANG_WARN_QUOTED_INCLUDE_IN_FRAMEWORK_HEADER = YES;
				CLANG_WARN_RANGE_LOOP_ANALYSIS = YES;
				CLANG_WARN_STRICT_PROTOTYPES = YES;
				CLANG_WARN_SUSPICIOUS_MOVE = YES;
				CLANG_WARN_UNGUARDED_AVAILABILITY = YES_AGGRESSIVE;
				CLANG_WARN_UNREACHABLE_CODE = YES;
				CLANG_WARN__DUPLICATE_METHOD_MATCH = YES;
				COPY_PHASE_STRIP = NO;
				DEBUG_INFORMATION_FORMAT = "dwarf-with-dsym";
				ENABLE_NS_ASSERTIONS = NO;
				ENABLE_STRICT_OBJC_MSGSEND = YES;
				GCC_C_LANGUAGE_STANDARD = gnu11;
				GCC_NO_COMMON_BLOCKS = YES;
				GCC_WARN_64_TO_32_BIT_CONVERSION = YES;
				GCC_WARN_ABOUT_RETURN_TYPE = YES_ERROR;
				GCC_WARN_UNDECLARED_SELECTOR = YES;
				GCC_WARN_UNINITIALIZED_AUTOS = YES_AGGRESSIVE;
				GCC_WARN_UNUSED_FUNCTION = YES;
				GCC_WARN_UNUSED_VARIABLE = YES;
				IPHONEOS_DEPLOYMENT_TARGET = 15.4;
				MTL_ENABLE_DEBUG_INFO = NO;
				MTL_FAST_MATH = YES;
				SDKROOT = iphoneos;
				SWIFT_COMPILATION_MODE = wholemodule;
				SWIFT_OPTIMIZATION_LEVEL = "-O";
				VALIDATE_PRODUCT = YES;
			};
			name = Release;
		};
		22102DC727E3BE50009455E6 /* Debug */ = {
			isa = XCBuildConfiguration;
			buildSettings = {
				ASSETCATALOG_COMPILER_APPICON_NAME = AppIcon;
				ASSETCATALOG_COMPILER_GLOBAL_ACCENT_COLOR_NAME = AccentColor;
				CODE_SIGN_STYLE = Automatic;
				CURRENT_PROJECT_VERSION = 1;
				DEVELOPMENT_TEAM = B9G9BYT67Q;
				GENERATE_INFOPLIST_FILE = YES;
				INFOPLIST_FILE = homeWork/Info.plist;
				INFOPLIST_KEY_NSPhotoLibraryAddUsageDescription = "We need to write photo in your gallery";
				INFOPLIST_KEY_UIApplicationSupportsIndirectInputEvents = YES;
				INFOPLIST_KEY_UILaunchStoryboardName = LaunchScreen;
				INFOPLIST_KEY_UISupportedInterfaceOrientations = UIInterfaceOrientationPortrait;
				INFOPLIST_KEY_UISupportedInterfaceOrientations_iPad = "UIInterfaceOrientationPortrait UIInterfaceOrientationPortraitUpsideDown UIInterfaceOrientationLandscapeLeft UIInterfaceOrientationLandscapeRight";
				INFOPLIST_KEY_UISupportedInterfaceOrientations_iPhone = "UIInterfaceOrientationPortrait UIInterfaceOrientationLandscapeLeft UIInterfaceOrientationLandscapeRight";
				IPHONEOS_DEPLOYMENT_TARGET = 14.0;
				LD_RUNPATH_SEARCH_PATHS = (
					"$(inherited)",
					"@executable_path/Frameworks",
				);
				MARKETING_VERSION = 1.0;
				PRODUCT_BUNDLE_IDENTIFIER = NanoSoft.homeWork;
				PRODUCT_NAME = "$(TARGET_NAME)";
				SWIFT_EMIT_LOC_STRINGS = YES;
				SWIFT_VERSION = 5.0;
				TARGETED_DEVICE_FAMILY = 1;
			};
			name = Debug;
		};
		22102DC827E3BE50009455E6 /* Release */ = {
			isa = XCBuildConfiguration;
			buildSettings = {
				ASSETCATALOG_COMPILER_APPICON_NAME = AppIcon;
				ASSETCATALOG_COMPILER_GLOBAL_ACCENT_COLOR_NAME = AccentColor;
				CODE_SIGN_STYLE = Automatic;
				CURRENT_PROJECT_VERSION = 1;
				DEVELOPMENT_TEAM = B9G9BYT67Q;
				GENERATE_INFOPLIST_FILE = YES;
				INFOPLIST_FILE = homeWork/Info.plist;
				INFOPLIST_KEY_NSPhotoLibraryAddUsageDescription = "We need to write photo in your gallery";
				INFOPLIST_KEY_UIApplicationSupportsIndirectInputEvents = YES;
				INFOPLIST_KEY_UILaunchStoryboardName = LaunchScreen;
				INFOPLIST_KEY_UISupportedInterfaceOrientations = UIInterfaceOrientationPortrait;
				INFOPLIST_KEY_UISupportedInterfaceOrientations_iPad = "UIInterfaceOrientationPortrait UIInterfaceOrientationPortraitUpsideDown UIInterfaceOrientationLandscapeLeft UIInterfaceOrientationLandscapeRight";
				INFOPLIST_KEY_UISupportedInterfaceOrientations_iPhone = "UIInterfaceOrientationPortrait UIInterfaceOrientationLandscapeLeft UIInterfaceOrientationLandscapeRight";
				IPHONEOS_DEPLOYMENT_TARGET = 14.0;
				LD_RUNPATH_SEARCH_PATHS = (
					"$(inherited)",
					"@executable_path/Frameworks",
				);
				MARKETING_VERSION = 1.0;
				PRODUCT_BUNDLE_IDENTIFIER = NanoSoft.homeWork;
				PRODUCT_NAME = "$(TARGET_NAME)";
				SWIFT_EMIT_LOC_STRINGS = YES;
				SWIFT_VERSION = 5.0;
				TARGETED_DEVICE_FAMILY = 1;
			};
			name = Release;
		};
/* End XCBuildConfiguration section */

/* Begin XCConfigurationList section */
		22102DAD27E3BE4F009455E6 /* Build configuration list for PBXProject "homeWork" */ = {
			isa = XCConfigurationList;
			buildConfigurations = (
				22102DC427E3BE50009455E6 /* Debug */,
				22102DC527E3BE50009455E6 /* Release */,
			);
			defaultConfigurationIsVisible = 0;
			defaultConfigurationName = Release;
		};
		22102DC627E3BE50009455E6 /* Build configuration list for PBXNativeTarget "homeWork" */ = {
			isa = XCConfigurationList;
			buildConfigurations = (
				22102DC727E3BE50009455E6 /* Debug */,
				22102DC827E3BE50009455E6 /* Release */,
			);
			defaultConfigurationIsVisible = 0;
			defaultConfigurationName = Release;
		};
/* End XCConfigurationList section */
	};
	rootObject = 22102DAA27E3BE4F009455E6 /* Project object */;
}
